Microsoft Visual Studio Solution File, Format Version 12.00
# Visual Studio Version 17
VisualStudioVersion = 17.14.36511.14 d17.14
MinimumVisualStudioVersion = 10.0.40219.1
Project("{FAE04EC0-301F-11D3-BF4B-00C04F79EFBC}") = "Core", "Core.csproj", "{6095DD1B-D60A-0612-EC62-C6C787E01523}"
EndProject
Project("{FAE04EC0-301F-11D3-BF4B-00C04F79EFBC}") = "Core.UI", "Core.UI\Core.UI.csproj", "{7C62AC04-7F74-437E-86E5-40CE0D7E2562}"
EndProject
Global
	GlobalSection(SolutionConfigurationPlatforms) = preSolution
		Debug|Any CPU = Debug|Any CPU
		Release|Any CPU = Release|Any CPU
	EndGlobalSection
	GlobalSection(ProjectConfigurationPlatforms) = postSolution
		{6095DD1B-D60A-0612-EC62-C6C787E01523}.Debug|Any CPU.ActiveCfg = Debug|Any CPU
		{6095DD1B-D60A-0612-EC62-C6C787E01523}.Debug|Any CPU.Build.0 = Debug|Any CPU
		{6095DD1B-D60A-0612-EC62-C6C787E01523}.Release|Any CPU.ActiveCfg = Release|Any CPU
		{6095DD1B-D60A-0612-EC62-C6C787E01523}.Release|Any CPU.Build.0 = Release|Any CPU
		{7C62AC04-7F74-437E-86E5-40CE0D7E2562}.Debug|Any CPU.ActiveCfg = Debug|Any CPU
		{7C62AC04-7F74-437E-86E5-40CE0D7E2562}.Debug|Any CPU.Build.0 = Debug|Any CPU
		{7C62AC04-7F74-437E-86E5-40CE0D7E2562}.Release|Any CPU.ActiveCfg = Release|Any CPU
		{7C62AC04-7F74-437E-86E5-40CE0D7E2562}.Release|Any CPU.Build.0 = Release|Any CPU
	EndGlobalSection
	GlobalSection(SolutionProperties) = preSolution
		HideSolutionNode = FALSE
	EndGlobalSection
	GlobalSection(ExtensibilityGlobals) = postSolution
		SolutionGuid = {66157A50-017B-4A46-8BC6-B7C61ABC2FC2}
	EndGlobalSection
EndGlobal
